PODS:
  - bdk_dart (1.0.0):
    - FlutterMacOS
  - FlutterMacOS (1.0.0)

DEPENDENCIES:
  - bdk_dart (from `Flutter/ephemeral/.symlinks/plugins/bdk_dart/macos`)
  - FlutterMacOS (from `Flutter/ephemeral`)

EXTERNAL SOURCES:
  bdk_dart:
    :path: Flutter/ephemeral/.symlinks/plugins/bdk_dart/macos
  FlutterMacOS:
    :path: Flutter/ephemeral

SPEC CHECKSUMS:
  bdk_dart: f1bb0c4884fc800215f5b9a36767a5234c8b9b1e
  FlutterMacOS: 8f6f14fa908a6fb3fba0cd85dbd81ec4b251fb24

PODFILE CHECKSUM: 137ddf7b4dbe5a83427ebf04ae8dea674cfd87fa

COCOAPODS: 1.16.2
